
Microsoft Visual Studio Solution File, Format Version 12.00
# Visual Studio Version 16
VisualStudioVersion = 16.0.30517.126
MinimumVisualStudioVersion = 10.0.40219.1
Project("{FAE04EC0-301F-11D3-BF4B-00C04F79EFBC}") = "Less6Ex1", "Less6Ex1\Less6Ex1.csproj", "{E07037E6-207D-482E-92C9-4665AAE1CE80}"
EndProject
Project("{FAE04EC0-301F-11D3-BF4B-00C04F79EFBC}") = "Less6Ex2", "Less6Ex2\Less6Ex2.csproj", "{8FBE7FC6-878D-4476-926B-D5ADF614267F}"
EndProject
Project("{FAE04EC0-301F-11D3-BF4B-00C04F79EFBC}") = "Less6Ex3", "Less6Ex3\Less6Ex3.csproj", "{044FDF99-5D24-4214-9AE7-9F029B12F571}"
EndProject
Global
	GlobalSection(SolutionConfigurationPlatforms) = preSolution
		Debug|Any CPU = Debug|Any CPU
		Release|Any CPU = Release|Any CPU
	EndGlobalSection
	GlobalSection(ProjectConfigurationPlatforms) = postSolution
		{E07037E6-207D-482E-92C9-4665AAE1CE80}.Debug|Any CPU.ActiveCfg = Debug|Any CPU
		{E07037E6-207D-482E-92C9-4665AAE1CE80}.Debug|Any CPU.Build.0 = Debug|Any CPU
		{E07037E6-207D-482E-92C9-4665AAE1CE80}.Release|Any CPU.ActiveCfg = Release|Any CPU
		{E07037E6-207D-482E-92C9-4665AAE1CE80}.Release|Any CPU.Build.0 = Release|Any CPU
		{8FBE7FC6-878D-4476-926B-D5ADF614267F}.Debug|Any CPU.ActiveCfg = Debug|Any CPU
		{8FBE7FC6-878D-4476-926B-D5ADF614267F}.Debug|Any CPU.Build.0 = Debug|Any CPU
		{8FBE7FC6-878D-4476-926B-D5ADF614267F}.Release|Any CPU.ActiveCfg = Release|Any CPU
		{8FBE7FC6-878D-4476-926B-D5ADF614267F}.Release|Any CPU.Build.0 = Release|Any CPU
		{044FDF99-5D24-4214-9AE7-9F029B12F571}.Debug|Any CPU.ActiveCfg = Debug|Any CPU
		{044FDF99-5D24-4214-9AE7-9F029B12F571}.Debug|Any CPU.Build.0 = Debug|Any CPU
		{044FDF99-5D24-4214-9AE7-9F029B12F571}.Release|Any CPU.ActiveCfg = Release|Any CPU
		{044FDF99-5D24-4214-9AE7-9F029B12F571}.Release|Any CPU.Build.0 = Release|Any CPU
	EndGlobalSection
	GlobalSection(SolutionProperties) = preSolution
		HideSolutionNode = FALSE
	EndGlobalSection
	GlobalSection(ExtensibilityGlobals) = postSolution
		SolutionGuid = {3D5F0548-FBFE-4601-9661-CF7F6D8093B9}
	EndGlobalSection
EndGlobal
